
Microsoft Visual Studio Solution File, Format Version 12.00
# Visual Studio Version 17
VisualStudioVersion = 17.8.34330.188
MinimumVisualStudioVersion = 10.0.40219.1
Project("{FAE04EC0-301F-11D3-BF4B-00C04F79EFBC}") = "Second_Homework", "Second_Homework\Second_Homework.csproj", "{62389058-AA5C-41D7-A480-9D0B5F7E6E60}"
EndProject
Global
	GlobalSection(SolutionConfigurationPlatforms) = preSolution
		Debug|Any CPU = Debug|Any CPU
		Release|Any CPU = Release|Any CPU
	EndGlobalSection
	GlobalSection(ProjectConfigurationPlatforms) = postSolution
		{62389058-AA5C-41D7-A480-9D0B5F7E6E60}.Debug|Any CPU.ActiveCfg = Debug|Any CPU
		{62389058-AA5C-41D7-A480-9D0B5F7E6E60}.Debug|Any CPU.Build.0 = Debug|Any CPU
		{62389058-AA5C-41D7-A480-9D0B5F7E6E60}.Release|Any CPU.ActiveCfg = Release|Any CPU
		{62389058-AA5C-41D7-A480-9D0B5F7E6E60}.Release|Any CPU.Build.0 = Release|Any CPU
	EndGlobalSection
	GlobalSection(SolutionProperties) = preSolution
		HideSolutionNode = FALSE
	EndGlobalSection
	GlobalSection(ExtensibilityGlobals) = postSolution
		SolutionGuid = {CD3ABB85-9287-400C-A498-26CB16232CE0}
	EndGlobalSection
EndGlobal
